
Microsoft Visual Studio Solution File, Format Version 12.00
# Visual Studio Version 16
VisualStudioVersion = 16.0.29326.143
MinimumVisualStudioVersion = 10.0.40219.1
Project("{FAE04EC0-301F-11D3-BF4B-00C04F79EFBC}") = "TwitterClient", "TwitterClient\TwitterClient.csproj", "{4209B1C2-932A-42EA-B5C5-4D02530E03D2}"
EndProject
Global
	GlobalSection(SolutionConfigurationPlatforms) = preSolution
		Debug|Any CPU = Debug|Any CPU
		Release|Any CPU = Release|Any CPU
	EndGlobalSection
	GlobalSection(ProjectConfigurationPlatforms) = postSolution
		{4209B1C2-932A-42EA-B5C5-4D02530E03D2}.Debug|Any CPU.ActiveCfg = Debug|Any CPU
		{4209B1C2-932A-42EA-B5C5-4D02530E03D2}.Debug|Any CPU.Build.0 = Debug|Any CPU
		{4209B1C2-932A-42EA-B5C5-4D02530E03D2}.Release|Any CPU.ActiveCfg = Release|Any CPU
		{4209B1C2-932A-42EA-B5C5-4D02530E03D2}.Release|Any CPU.Build.0 = Release|Any CPU
	EndGlobalSection
	GlobalSection(SolutionProperties) = preSolution
		HideSolutionNode = FALSE
	EndGlobalSection
	GlobalSection(ExtensibilityGlobals) = postSolution
		SolutionGuid = {2652B58E-ADFC-4240-9367-A9E51DBE0A9B}
	EndGlobalSection
EndGlobal
